
Microsoft Visual Studio Solution File, Format Version 11.00
# Visual Studio 2010
Project("{FAE04EC0-301F-11D3-BF4B-00C04F79EFBC}") = "Assembly-CSharp", "Assembly-CSharp.csproj", "{1FCB988B-F9FB-05DE-1B25-44B8983E4A88}"
EndProject
Project("{FAE04EC0-301F-11D3-BF4B-00C04F79EFBC}") = "Assembly-CSharp-Editor", "Assembly-CSharp-Editor.csproj", "{EC1B1601-B150-FD73-F9DA-42571147BA49}"
EndProject
Global
	GlobalSection(SolutionConfigurationPlatforms) = preSolution
		Debug|Any CPU = Debug|Any CPU
		Release|Any CPU = Release|Any CPU
	EndGlobalSection
	GlobalSection(ProjectConfigurationPlatforms) = postSolution
		{1FCB988B-F9FB-05DE-1B25-44B8983E4A88}.Debug|Any CPU.ActiveCfg = Debug|Any CPU
		{1FCB988B-F9FB-05DE-1B25-44B8983E4A88}.Debug|Any CPU.Build.0 = Debug|Any CPU
		{1FCB988B-F9FB-05DE-1B25-44B8983E4A88}.Release|Any CPU.ActiveCfg = Release|Any CPU
		{1FCB988B-F9FB-05DE-1B25-44B8983E4A88}.Release|Any CPU.Build.0 = Release|Any CPU
		{EC1B1601-B150-FD73-F9DA-42571147BA49}.Debug|Any CPU.ActiveCfg = Debug|Any CPU
		{EC1B1601-B150-FD73-F9DA-42571147BA49}.Debug|Any CPU.Build.0 = Debug|Any CPU
		{EC1B1601-B150-FD73-F9DA-42571147BA49}.Release|Any CPU.ActiveCfg = Release|Any CPU
		{EC1B1601-B150-FD73-F9DA-42571147BA49}.Release|Any CPU.Build.0 = Release|Any CPU
	EndGlobalSection
	GlobalSection(SolutionProperties) = preSolution
		HideSolutionNode = FALSE
	EndGlobalSection
	GlobalSection(MonoDevelopProperties) = preSolution
		StartupItem = Assembly-CSharp.csproj
	EndGlobalSection
EndGlobal
